devDependencies:
  byline: 5.0.0
  line-reader: 0.4.0
  linebyline: 1.3.0
lockfileVersion: 5.2
packages:
  /byline/5.0.0:
    dev: true
    engines:
      node: '>=0.10.0'
    resolution:
      integrity: sha1-dBxSFkaOrcRXsDQQEYrXfejB3bE=
  /line-reader/0.4.0:
    dev: true
    resolution:
      integrity: sha1-F+RIGNoKwzVnW6MAlU+U72cOZv0=
  /linebyline/1.3.0:
    dev: true
    resolution:
      integrity: sha1-bvVM6rgy0j94Qe0vKW/psvba3pQ=
specifiers:
  byline: 5.0.0
  line-reader: 0.4.0
  linebyline: 1.3.0
